
Microsoft Visual Studio Solution File, Format Version 12.00
# Visual Studio 15
VisualStudioVersion = 15.0.28307.168
MinimumVisualStudioVersion = 10.0.40219.1
Project("{FAE04EC0-301F-11D3-BF4B-00C04F79EFBC}") = "beehave_management_system", "beehave_management_system\beehave_management_system.csproj", "{BA7E0EC3-0352-4F3E-92BB-70DCD3172438}"
EndProject
Global
	GlobalSection(SolutionConfigurationPlatforms) = preSolution
		Debug|Any CPU = Debug|Any CPU
		Release|Any CPU = Release|Any CPU
	EndGlobalSection
	GlobalSection(ProjectConfigurationPlatforms) = postSolution
		{BA7E0EC3-0352-4F3E-92BB-70DCD3172438}.Debug|Any CPU.ActiveCfg = Debug|Any CPU
		{BA7E0EC3-0352-4F3E-92BB-70DCD3172438}.Debug|Any CPU.Build.0 = Debug|Any CPU
		{BA7E0EC3-0352-4F3E-92BB-70DCD3172438}.Release|Any CPU.ActiveCfg = Release|Any CPU
		{BA7E0EC3-0352-4F3E-92BB-70DCD3172438}.Release|Any CPU.Build.0 = Release|Any CPU
	EndGlobalSection
	GlobalSection(SolutionProperties) = preSolution
		HideSolutionNode = FALSE
	EndGlobalSection
	GlobalSection(ExtensibilityGlobals) = postSolution
		SolutionGuid = {531F245D-2DF6-4112-9A75-EB66E51B535C}
	EndGlobalSection
EndGlobal
